
Microsoft Visual Studio Solution File, Format Version 12.00
# Visual Studio Version 17
VisualStudioVersion = 17.0.31903.59
MinimumVisualStudioVersion = 10.0.40219.1
Project("{2150E333-8FDC-42A3-9474-1A3956D46DE8}") = "src", "src", "{4676A275-1BE7-4DAA-97F7-F0C5AB1654D3}"
EndProject
Project("{FAE04EC0-301F-11D3-BF4B-00C04F79EFBC}") = "prthgcs", "src\prthgcs\prthgcs.csproj", "{6E56C829-D9A2-40A2-8205-A81351E653A6}"
EndProject
Project("{FAE04EC0-301F-11D3-BF4B-00C04F79EFBC}") = "test", "test\test.csproj", "{8F21EC6E-89CE-4A25-AE4D-D6EFEFF77857}"
EndProject
Global
	GlobalSection(SolutionConfigurationPlatforms) = preSolution
		Debug|Any CPU = Debug|Any CPU
		Release|Any CPU = Release|Any CPU
	EndGlobalSection
	GlobalSection(SolutionProperties) = preSolution
		HideSolutionNode = FALSE
	EndGlobalSection
	GlobalSection(ProjectConfigurationPlatforms) = postSolution
		{6E56C829-D9A2-40A2-8205-A81351E653A6}.Debug|Any CPU.ActiveCfg = Debug|Any CPU
		{6E56C829-D9A2-40A2-8205-A81351E653A6}.Debug|Any CPU.Build.0 = Debug|Any CPU
		{6E56C829-D9A2-40A2-8205-A81351E653A6}.Release|Any CPU.ActiveCfg = Release|Any CPU
		{6E56C829-D9A2-40A2-8205-A81351E653A6}.Release|Any CPU.Build.0 = Release|Any CPU
		{8F21EC6E-89CE-4A25-AE4D-D6EFEFF77857}.Debug|Any CPU.ActiveCfg = Debug|Any CPU
		{8F21EC6E-89CE-4A25-AE4D-D6EFEFF77857}.Debug|Any CPU.Build.0 = Debug|Any CPU
		{8F21EC6E-89CE-4A25-AE4D-D6EFEFF77857}.Release|Any CPU.ActiveCfg = Release|Any CPU
		{8F21EC6E-89CE-4A25-AE4D-D6EFEFF77857}.Release|Any CPU.Build.0 = Release|Any CPU
	EndGlobalSection
	GlobalSection(NestedProjects) = preSolution
		{6E56C829-D9A2-40A2-8205-A81351E653A6} = {4676A275-1BE7-4DAA-97F7-F0C5AB1654D3}
	EndGlobalSection
EndGlobal
